
Microsoft Visual Studio Solution File, Format Version 11.00
# Visual Studio 2010
Project("{8BC9CEB8-8B4A-11D0-8D11-00A0C91BC942}") = "Graphics_proj0", "Graphics_proj0\Graphics_proj0.vcxproj", "{6CF9D999-061C-4681-80FD-F5D2407877C6}"
EndProject
Global
	GlobalSection(SolutionConfigurationPlatforms) = preSolution
		Debug|Win32 = Debug|Win32
		Release|Win32 = Release|Win32
	EndGlobalSection
	GlobalSection(ProjectConfigurationPlatforms) = postSolution
		{6CF9D999-061C-4681-80FD-F5D2407877C6}.Debug|Win32.ActiveCfg = Debug|Win32
		{6CF9D999-061C-4681-80FD-F5D2407877C6}.Debug|Win32.Build.0 = Debug|Win32
		{6CF9D999-061C-4681-80FD-F5D2407877C6}.Release|Win32.ActiveCfg = Release|Win32
		{6CF9D999-061C-4681-80FD-F5D2407877C6}.Release|Win32.Build.0 = Release|Win32
	EndGlobalSection
	GlobalSection(SolutionProperties) = preSolution
		HideSolutionNode = FALSE
	EndGlobalSection
EndGlobal
